{
  "object": {
    "pins": [
      {
        "package": "FFmpeg-iOS",
        "repositoryURL": "https://github.com/kewlbear/FFmpeg-iOS.git",
        "state": {
          "branch": null,
          "revision": "59c01fbba5a85005d4b624f77f6ad32d43a4d922",
          "version": "0.0.5"
        }
      },
      {
        "package": "Python-iOS",
        "repositoryURL": "https://github.com/kewlbear/Python-iOS.git",
        "state": {
          "branch": null,
          "revision": "784b391aa25c765761998cacb2d1fd5c86014164",
          "version": "0.1.1-b20230312-012746"
        }
      },
      {
        "package": "PythonKit",
        "repositoryURL": "https://github.com/pvieito/PythonKit.git",
        "state": {
          "branch": null,
          "revision": "81f621d094a7c8923207efe5178f50dba1b56c39",
          "version": "0.3.1"
        }
      },
      {
        "package": "swift-argument-parser",
        "repositoryURL": "https://github.com/apple/swift-argument-parser",
        "state": {
          "branch": null,
          "revision": "6b2aa2748a7881eebb9f84fb10c01293e15b52ca",
          "version": "0.5.0"
        }
      }
    ]
  },
  "version": 1
}
